
Microsoft Visual Studio Solution File, Format Version 12.00
# Visual Studio Version 16
VisualStudioVersion = 16.0.29209.62
MinimumVisualStudioVersion = 10.0.40219.1
Project("{FAE04EC0-301F-11D3-BF4B-00C04F79EFBC}") = "TestProject", "TestProject\TestProject.csproj", "{199F68D0-39D3-4B8B-B02F-97ECB10BED5F}"
EndProject
Global
	GlobalSection(SolutionConfigurationPlatforms) = preSolution
		Debug|Any CPU = Debug|Any CPU
		Release|Any CPU = Release|Any CPU
	EndGlobalSection
	GlobalSection(ProjectConfigurationPlatforms) = postSolution
		{199F68D0-39D3-4B8B-B02F-97ECB10BED5F}.Debug|Any CPU.ActiveCfg = Debug|Any CPU
		{199F68D0-39D3-4B8B-B02F-97ECB10BED5F}.Debug|Any CPU.Build.0 = Debug|Any CPU
		{199F68D0-39D3-4B8B-B02F-97ECB10BED5F}.Release|Any CPU.ActiveCfg = Release|Any CPU
		{199F68D0-39D3-4B8B-B02F-97ECB10BED5F}.Release|Any CPU.Build.0 = Release|Any CPU
	EndGlobalSection
	GlobalSection(SolutionProperties) = preSolution
		HideSolutionNode = FALSE
	EndGlobalSection
	GlobalSection(ExtensibilityGlobals) = postSolution
		SolutionGuid = {2463FFCE-82A2-42B4-94C8-23D9D5152F5F}
	EndGlobalSection
EndGlobal
